{
  "nodes": {
    "home-manager": {
      "inputs": {
        "nixpkgs": [
          "nixpkgs"
        ]
      },
      "locked": {
        "lastModified": 1778628724,
        "narHash": "sha256-VNG6hJ146VEenXcDrB3t6MVnrMx+gtyCWTCDkzOp9Qs=",
        "owner": "nix-community",
        "repo": "home-manager",
        "rev": "6a0bbd6b4720da1c9ce7ebf35ff5c41a82db367a",
        "type": "github"
      },
      "original": {
        "owner": "nix-community",
        "repo": "home-manager",
        "type": "github"
      }
    },
    "home-manager_2": {
      "inputs": {
        "nixpkgs": [
          "zen-browser",
          "nixpkgs"
        ]
      },
      "locked": {
        "lastModified": 1777594677,
        "narHash": "sha256-h90sHwoRJLRvaTpZroTvU2JRHDFj0czUafM8eqLe1RI=",
        "owner": "nix-community",
        "repo": "home-manager",
        "rev": "899c08a15beae5da51a5cecd6b2b994777a948da",
        "type": "github"
      },
      "original": {
        "owner": "nix-community",
        "repo": "home-manager",
        "type": "github"
      }
    },
    "nixpkgs": {
      "locked": {
        "lastModified": 1778443072,
        "narHash": "sha256-zi7/fsqM/kFdNuED//4WOCUtezGtKKqRNORjMvfwjnA=",
        "owner": "nixos",
        "repo": "nixpkgs",
        "rev": "da5ad661ba4e5ef59ba743f0d112cbc30e474f32",
        "type": "github"
      },
      "original": {
        "owner": "nixos",
        "ref": "nixos-unstable",
        "repo": "nixpkgs",
        "type": "github"
      }
    },
    "nixpkgs_2": {
      "locked": {
        "lastModified": 1777268161,
        "narHash": "sha256-bxrdOn8SCOv8tN4JbTF/TXq7kjo9ag4M+C8yzzIRYbE=",
        "owner": "nixos",
        "repo": "nixpkgs",
        "rev": "1c3fe55ad329cbcb28471bb30f05c9827f724c76",
        "type": "github"
      },
      "original": {
        "owner": "nixos",
        "ref": "nixos-unstable",
        "repo": "nixpkgs",
        "type": "github"
      }
    },
    "root": {
      "inputs": {
        "home-manager": "home-manager",
        "nixpkgs": "nixpkgs",
        "zen-browser": "zen-browser"
      }
    },
    "zen-browser": {
      "inputs": {
        "home-manager": "home-manager_2",
        "nixpkgs": "nixpkgs_2"
      },
      "locked": {
        "lastModified": 1778585655,
        "narHash": "sha256-yfxy9aTlIgU2Z36H8cJURgYLgjT4qvFeOzoAC/HXcKM=",
        "owner": "0xc000022070",
        "repo": "zen-browser-flake",
        "rev": "42f41abcef13dc81c85407b57aa1fd1bde46e46c",
        "type": "github"
      },
      "original": {
        "owner": "0xc000022070",
        "repo": "zen-browser-flake",
        "type": "github"
      }
    }
  },
  "root": "root",
  "version": 7
}
