{
  "nodes": {
    "nixpkgs": {
      "locked": {
        "lastModified": 1735476954,
        "narHash": "sha256-Ftj13fvhZ9C+S9otesBQ+mR3b0ocDZdosezKOyJrKhY=",
        "owner": "NixOS",
        "repo": "nixpkgs",
        "rev": "147f4a205340ec33f4fc497e5281f345f3677abc",
        "type": "github"
      },
      "original": {
        "owner": "NixOS",
        "ref": "release-24.11",
        "repo": "nixpkgs",
        "type": "github"
      }
    },
    "root": {
      "inputs": {
        "nixpkgs": "nixpkgs"
      }
    }
  },
  "root": "root",
  "version": 7
}
