{
  "nodes": {
    "nixpkgs": {
      "locked": {
        "lastModified": 1740824769,
        "narHash": "sha256-EC0hfOoSsfARINZXIJ07ACxS1SBifp4wg6MnuNYyS2I=",
        "owner": "NixOS",
        "repo": "nixpkgs",
        "rev": "3c68be9b127f6f318ab246837ac32a3ccc7aae68",
        "type": "github"
      },
      "original": {
        "owner": "NixOS",
        "ref": "release-24.11",
        "repo": "nixpkgs",
        "type": "github"
      }
    },
    "root": {
      "inputs": {
        "nixpkgs": "nixpkgs"
      }
    }
  },
  "root": "root",
  "version": 7
}
