{
  "nodes": {
    "nixpkgs": {
      "locked": {
        "lastModified": 1736344604,
        "narHash": "sha256-sKX29IV8KxIAAEbTi2tsgVKjovHbwZoFnNE7wb22d6k=",
        "owner": "NixOS",
        "repo": "nixpkgs",
        "rev": "4dbf4eca6ae8b69d71dcb43295c57bbb2542bb7c",
        "type": "github"
      },
      "original": {
        "owner": "NixOS",
        "ref": "release-24.11",
        "repo": "nixpkgs",
        "type": "github"
      }
    },
    "root": {
      "inputs": {
        "nixpkgs": "nixpkgs"
      }
    }
  },
  "root": "root",
  "version": 7
}
